
Microsoft Visual Studio Solution File, Format Version 12.00
# Visual Studio Version 16
VisualStudioVersion = 16.0.30907.101
MinimumVisualStudioVersion = 10.0.40219.1
Project("{FAE04EC0-301F-11D3-BF4B-00C04F79EFBC}") = "coding-dojo-dotnetcore", "coding-dojo-dotnetcore.csproj", "{FD4136BC-0AEB-487E-9E20-62A9F996F30B}"
EndProject
Global
	GlobalSection(SolutionConfigurationPlatforms) = preSolution
		Debug|Any CPU = Debug|Any CPU
		Release|Any CPU = Release|Any CPU
	EndGlobalSection
	GlobalSection(ProjectConfigurationPlatforms) = postSolution
		{FD4136BC-0AEB-487E-9E20-62A9F996F30B}.Debug|Any CPU.ActiveCfg = Debug|Any CPU
		{FD4136BC-0AEB-487E-9E20-62A9F996F30B}.Debug|Any CPU.Build.0 = Debug|Any CPU
		{FD4136BC-0AEB-487E-9E20-62A9F996F30B}.Release|Any CPU.ActiveCfg = Release|Any CPU
		{FD4136BC-0AEB-487E-9E20-62A9F996F30B}.Release|Any CPU.Build.0 = Release|Any CPU
	EndGlobalSection
	GlobalSection(SolutionProperties) = preSolution
		HideSolutionNode = FALSE
	EndGlobalSection
	GlobalSection(ExtensibilityGlobals) = postSolution
		SolutionGuid = {F3DA5D9A-FDDD-462F-A281-3869D9E53899}
	EndGlobalSection
EndGlobal
